{
  "version": 4,
  "terraform_version": "0.12.26",
  "serial": 112,
  "lineage": "62b749d3-d1ca-a583-ff94-65c208edde30",
  "outputs": {},
  "resources": [
    {
      "mode": "data",
      "type": "template_file",
      "name": "policy",
      "provider": "provider.template",
      "instances": [
        {
          "schema_version": 0,
          "attributes": {
            "filename": null,
            "id": "9dc8a73ba4e5fc0502bc1da32d60c385e677026f5803ed1d56269d6aa1625665",
            "rendered": "{\n    \"Version\": \"2012-10-17\",\n    \"Statement\": [\n      {\n          \"Effect\": \"Allow\",\n          \"Action\": [\n              \"logs:CreateLogStream\",\n              \"logs:CreateLogGroup\",\n              \"logs:PutLogEvents\"\n          ],\n          \"Resource\": \"*\"\n      },\n      {\n        \"Effect\": \"Allow\",\n        \"Action\": [\n            \"s3:GetObject\",\n            \"s3:PutObject\"\n        ],\n        \"Resource\": [\n            \"arn:aws:s3:::user-profile-picture-bucket/*\"\n        ]\n      }\n    ]\n  }\n  ",
            "template": "{\n    \"Version\": \"2012-10-17\",\n    \"Statement\": [\n      {\n          \"Effect\": \"Allow\",\n          \"Action\": [\n              \"logs:CreateLogStream\",\n              \"logs:CreateLogGroup\",\n              \"logs:PutLogEvents\"\n          ],\n          \"Resource\": \"*\"\n      },\n      {\n        \"Effect\": \"Allow\",\n        \"Action\": [\n            \"s3:GetObject\",\n            \"s3:PutObject\"\n        ],\n        \"Resource\": [\n            \"arn:aws:s3:::user-profile-picture-bucket/*\"\n        ]\n      }\n    ]\n  }\n  ",
            "vars": null
          }
        }
      ]
    },
    {
      "mode": "managed",
      "type": "aws_api_gateway_deployment",
      "name": "profilestageprod",
      "provider": "provider.aws",
      "instances": [
        {
          "schema_version": 0,
          "attributes": {
            "created_date": "2021-06-17T11:26:34Z",
            "description": "",
            "execution_arn": "arn:aws:execute-api:ap-south-1:590458277224:ua4136y1ej/prod",
            "id": "tbi9zr",
            "invoke_url": "https://ua4136y1ej.execute-api.ap-south-1.amazonaws.com/prod",
            "rest_api_id": "ua4136y1ej",
            "stage_description": null,
            "stage_name": "prod",
            "triggers": null,
            "variables": null
          },
          "private": "bnVsbA==",
          "dependencies": [
            "aws_api_gateway_integration.getidandtext-lambda",
            "aws_api_gateway_integration.getprofilestatus-lambda",
            "aws_api_gateway_rest_api.profile_service_apigw"
          ]
        }
      ]
    },
    {
      "mode": "managed",
      "type": "aws_api_gateway_integration",
      "name": "getidandtext-lambda",
      "provider": "provider.aws",
      "instances": [
        {
          "schema_version": 0,
          "attributes": {
            "cache_key_parameters": [],
            "cache_namespace": "e3vg2k",
            "connection_id": "",
            "connection_type": "INTERNET",
            "content_handling": "",
            "credentials": "",
            "http_method": "GET",
            "id": "agi-ua4136y1ej-e3vg2k-GET",
            "integration_http_method": "POST",
            "passthrough_behavior": "WHEN_NO_MATCH",
            "request_parameters": {},
            "request_templates": {},
            "resource_id": "e3vg2k",
            "rest_api_id": "ua4136y1ej",
            "timeout_milliseconds": 29000,
            "tls_config": [],
            "type": "AWS_PROXY",
            "uri": "arn:aws:apigateway:ap-south-1:lambda:path/2015-03-31/functions/arn:aws:lambda:ap-south-1:590458277224:function:GetIDAndTextHandler/invocations"
          },
          "private": "bnVsbA==",
          "dependencies": [
            "aws_api_gateway_method.getidandtext",
            "aws_api_gateway_resource.idandtextroot",
            "aws_api_gateway_rest_api.profile_service_apigw",
            "aws_iam_role.ProfileServiceLambdaRole",
            "aws_lambda_function.GetIDAndTextHandler",
            "aws_lambda_layer_version.tesseractjs_lambda_layer"
          ]
        }
      ]
    },
    {
      "mode": "managed",
      "type": "aws_api_gateway_integration",
      "name": "getprofilestatus-lambda",
      "provider": "provider.aws",
      "instances": [
        {
          "schema_version": 0,
          "attributes": {
            "cache_key_parameters": [],
            "cache_namespace": "8no9ut",
            "connection_id": "",
            "connection_type": "INTERNET",
            "content_handling": "",
            "credentials": "",
            "http_method": "GET",
            "id": "agi-ua4136y1ej-8no9ut-GET",
            "integration_http_method": "POST",
            "passthrough_behavior": "WHEN_NO_MATCH",
            "request_parameters": {},
            "request_templates": {},
            "resource_id": "8no9ut",
            "rest_api_id": "ua4136y1ej",
            "timeout_milliseconds": 29000,
            "tls_config": [],
            "type": "AWS_PROXY",
            "uri": "arn:aws:apigateway:ap-south-1:lambda:path/2015-03-31/functions/arn:aws:lambda:ap-south-1:590458277224:function:GetProfileStatusHandler/invocations"
          },
          "private": "bnVsbA==",
          "dependencies": [
            "aws_api_gateway_method.getprofilestatus",
            "aws_api_gateway_resource.profileidroot",
            "aws_api_gateway_resource.profilestatusroot",
            "aws_api_gateway_rest_api.profile_service_apigw",
            "aws_iam_role.ProfileServiceLambdaRole",
            "aws_lambda_function.GetProfileStatusHandler",
            "aws_lambda_layer_version.tesseractjs_lambda_layer"
          ]
        }
      ]
    },
    {
      "mode": "managed",
      "type": "aws_api_gateway_method",
      "name": "getidandtext",
      "provider": "provider.aws",
      "instances": [
        {
          "schema_version": 0,
          "attributes": {
            "api_key_required": false,
            "authorization": "NONE",
            "authorization_scopes": [],
            "authorizer_id": "",
            "http_method": "GET",
            "id": "agm-ua4136y1ej-e3vg2k-GET",
            "operation_name": "",
            "request_models": {},
            "request_parameters": {},
            "request_validator_id": "",
            "resource_id": "e3vg2k",
            "rest_api_id": "ua4136y1ej"
          },
          "private": "bnVsbA==",
          "dependencies": [
            "aws_api_gateway_resource.idandtextroot",
            "aws_api_gateway_rest_api.profile_service_apigw"
          ]
        }
      ]
    },
    {
      "mode": "managed",
      "type": "aws_api_gateway_method",
      "name": "getprofilestatus",
      "provider": "provider.aws",
      "instances": [
        {
          "schema_version": 0,
          "attributes": {
            "api_key_required": false,
            "authorization": "NONE",
            "authorization_scopes": [],
            "authorizer_id": "",
            "http_method": "GET",
            "id": "agm-ua4136y1ej-8no9ut-GET",
            "operation_name": "",
            "request_models": {},
            "request_parameters": {
              "method.request.path.profileId": true
            },
            "request_validator_id": "",
            "resource_id": "8no9ut",
            "rest_api_id": "ua4136y1ej"
          },
          "private": "bnVsbA==",
          "dependencies": [
            "aws_api_gateway_resource.profileidroot",
            "aws_api_gateway_resource.profilestatusroot",
            "aws_api_gateway_rest_api.profile_service_apigw"
          ]
        }
      ]
    },
    {
      "mode": "managed",
      "type": "aws_api_gateway_resource",
      "name": "idandtextroot",
      "provider": "provider.aws",
      "instances": [
        {
          "schema_version": 0,
          "attributes": {
            "id": "e3vg2k",
            "parent_id": "cang1xwi8j",
            "path": "/idandtext",
            "path_part": "idandtext",
            "rest_api_id": "ua4136y1ej"
          },
          "private": "bnVsbA==",
          "dependencies": [
            "aws_api_gateway_rest_api.profile_service_apigw"
          ]
        }
      ]
    },
    {
      "mode": "managed",
      "type": "aws_api_gateway_resource",
      "name": "profileidroot",
      "provider": "provider.aws",
      "instances": [
        {
          "schema_version": 0,
          "attributes": {
            "id": "8no9ut",
            "parent_id": "7e27f0",
            "path": "/profilestatus/{profileId}",
            "path_part": "{profileId}",
            "rest_api_id": "ua4136y1ej"
          },
          "private": "bnVsbA==",
          "dependencies": [
            "aws_api_gateway_resource.profilestatusroot",
            "aws_api_gateway_rest_api.profile_service_apigw"
          ]
        }
      ]
    },
    {
      "mode": "managed",
      "type": "aws_api_gateway_resource",
      "name": "profilestatusroot",
      "provider": "provider.aws",
      "instances": [
        {
          "schema_version": 0,
          "attributes": {
            "id": "7e27f0",
            "parent_id": "cang1xwi8j",
            "path": "/profilestatus",
            "path_part": "profilestatus",
            "rest_api_id": "ua4136y1ej"
          },
          "private": "bnVsbA==",
          "dependencies": [
            "aws_api_gateway_rest_api.profile_service_apigw"
          ]
        }
      ]
    },
    {
      "mode": "managed",
      "type": "aws_api_gateway_rest_api",
      "name": "profile_service_apigw",
      "provider": "provider.aws",
      "instances": [
        {
          "schema_version": 0,
          "attributes": {
            "api_key_source": "HEADER",
            "arn": "arn:aws:apigateway:ap-south-1::/restapis/ua4136y1ej",
            "binary_media_types": [],
            "body": null,
            "created_date": "2021-06-17T11:15:22Z",
            "description": "Profile service API gateway",
            "disable_execute_api_endpoint": false,
            "endpoint_configuration": [
              {
                "types": [
                  "REGIONAL"
                ],
                "vpc_endpoint_ids": []
              }
            ],
            "execution_arn": "arn:aws:execute-api:ap-south-1:590458277224:ua4136y1ej",
            "id": "ua4136y1ej",
            "minimum_compression_size": -1,
            "name": "profile_service_apigw",
            "parameters": null,
            "policy": "",
            "root_resource_id": "cang1xwi8j",
            "tags": {}
          },
          "private": "bnVsbA=="
        }
      ]
    },
    {
      "mode": "managed",
      "type": "aws_iam_policy",
      "name": "ProfileServiceLambdaPolicy",
      "provider": "provider.aws",
      "instances": [
        {
          "schema_version": 0,
          "attributes": {
            "arn": "arn:aws:iam::590458277224:policy/ProfileServiceLambdaPolicy",
            "description": "IAM policy for Profile lambda functions",
            "id": "arn:aws:iam::590458277224:policy/ProfileServiceLambdaPolicy",
            "name": "ProfileServiceLambdaPolicy",
            "name_prefix": null,
            "path": "/",
            "policy": "{\n    \"Version\": \"2012-10-17\",\n    \"Statement\": [\n      {\n          \"Effect\": \"Allow\",\n          \"Action\": [\n              \"logs:CreateLogStream\",\n              \"logs:CreateLogGroup\",\n              \"logs:PutLogEvents\"\n          ],\n          \"Resource\": \"*\"\n      },\n      {\n        \"Effect\": \"Allow\",\n        \"Action\": [\n            \"s3:GetObject\",\n            \"s3:PutObject\"\n        ],\n        \"Resource\": [\n            \"arn:aws:s3:::user-profile-picture-bucket/*\"\n        ]\n      }\n    ]\n  }\n  ",
            "policy_id": "ANPAYS6QOJVUISNDZCVJL",
            "tags": {}
          },
          "private": "bnVsbA=="
        }
      ]
    },
    {
      "mode": "managed",
      "type": "aws_iam_role",
      "name": "ProfileServiceLambdaRole",
      "provider": "provider.aws",
      "instances": [
        {
          "schema_version": 0,
          "attributes": {
            "arn": "arn:aws:iam::590458277224:role/ProfileServiceLambdaRole",
            "assume_role_policy": "{\"Version\":\"2012-10-17\",\"Statement\":[{\"Sid\":\"\",\"Effect\":\"Allow\",\"Principal\":{\"Service\":\"lambda.amazonaws.com\"},\"Action\":\"sts:AssumeRole\"}]}",
            "create_date": "2021-06-17T11:15:21Z",
            "description": "",
            "force_detach_policies": false,
            "id": "ProfileServiceLambdaRole",
            "inline_policy": [
              {
                "name": "",
                "policy": ""
              }
            ],
            "managed_policy_arns": [
              "arn:aws:iam::590458277224:policy/ProfileServiceLambdaPolicy"
            ],
            "max_session_duration": 3600,
            "name": "ProfileServiceLambdaRole",
            "name_prefix": null,
            "path": "/",
            "permissions_boundary": null,
            "tags": {},
            "unique_id": "AROAYS6QOJVUG4J4FC6BP"
          },
          "private": "bnVsbA=="
        }
      ]
    },
    {
      "mode": "managed",
      "type": "aws_iam_role_policy_attachment",
      "name": "ProfileServiceRolePolicy",
      "provider": "provider.aws",
      "instances": [
        {
          "schema_version": 0,
          "attributes": {
            "id": "ProfileServiceLambdaRole-20210617111529903200000001",
            "policy_arn": "arn:aws:iam::590458277224:policy/ProfileServiceLambdaPolicy",
            "role": "ProfileServiceLambdaRole"
          },
          "private": "bnVsbA==",
          "dependencies": [
            "aws_iam_policy.ProfileServiceLambdaPolicy",
            "aws_iam_role.ProfileServiceLambdaRole"
          ]
        }
      ]
    },
    {
      "mode": "managed",
      "type": "aws_lambda_function",
      "name": "GetIDAndTextHandler",
      "provider": "provider.aws",
      "instances": [
        {
          "schema_version": 0,
          "attributes": {
            "arn": "arn:aws:lambda:ap-south-1:590458277224:function:GetIDAndTextHandler",
            "code_signing_config_arn": "",
            "dead_letter_config": [],
            "description": "",
            "environment": [],
            "file_system_config": [],
            "filename": null,
            "function_name": "GetIDAndTextHandler",
            "handler": "getidandtexthandler.handler",
            "id": "GetIDAndTextHandler",
            "image_config": [],
            "image_uri": "",
            "invoke_arn": "arn:aws:apigateway:ap-south-1:lambda:path/2015-03-31/functions/arn:aws:lambda:ap-south-1:590458277224:function:GetIDAndTextHandler/invocations",
            "kms_key_arn": "",
            "last_modified": "2021-06-18T09:17:28.175+0000",
            "layers": [
              "arn:aws:lambda:ap-south-1:590458277224:layer:tesseract_js_layer:1"
            ],
            "memory_size": 128,
            "package_type": "Zip",
            "publish": false,
            "qualified_arn": "arn:aws:lambda:ap-south-1:590458277224:function:GetIDAndTextHandler:$LATEST",
            "reserved_concurrent_executions": -1,
            "role": "arn:aws:iam::590458277224:role/ProfileServiceLambdaRole",
            "runtime": "nodejs12.x",
            "s3_bucket": "validateprofile-codedezip-bucket",
            "s3_key": "validateprofile_lambda.zip",
            "s3_object_version": null,
            "signing_job_arn": "",
            "signing_profile_version_arn": "",
            "source_code_hash": "79jHSc8ZSKf1k7KFEcXLXFZloui7S178dvo3bYajcVg=",
            "source_code_size": 9661366,
            "tags": {},
            "timeout": 3,
            "timeouts": null,
            "tracing_config": [
              {
                "mode": "PassThrough"
              }
            ],
            "version": "$LATEST",
            "vpc_config": []
          },
          "private": "eyJlMmJmYjczMC1lY2FhLTExZTYtOGY4OC0zNDM2M2JjN2M0YzAiOnsiY3JlYXRlIjo2MDAwMDAwMDAwMDB9fQ==",
          "dependencies": [
            "aws_iam_role.ProfileServiceLambdaRole",
            "aws_lambda_layer_version.tesseractjs_lambda_layer"
          ]
        }
      ]
    },
    {
      "mode": "managed",
      "type": "aws_lambda_function",
      "name": "GetProfileStatusHandler",
      "provider": "provider.aws",
      "instances": [
        {
          "schema_version": 0,
          "attributes": {
            "arn": "arn:aws:lambda:ap-south-1:590458277224:function:GetProfileStatusHandler",
            "code_signing_config_arn": "",
            "dead_letter_config": [],
            "description": "",
            "environment": [],
            "file_system_config": [],
            "filename": null,
            "function_name": "GetProfileStatusHandler",
            "handler": "getprofilestatushandler.handler",
            "id": "GetProfileStatusHandler",
            "image_config": [],
            "image_uri": "",
            "invoke_arn": "arn:aws:apigateway:ap-south-1:lambda:path/2015-03-31/functions/arn:aws:lambda:ap-south-1:590458277224:function:GetProfileStatusHandler/invocations",
            "kms_key_arn": "",
            "last_modified": "2021-06-18T09:17:28.809+0000",
            "layers": [
              "arn:aws:lambda:ap-south-1:590458277224:layer:tesseract_js_layer:1"
            ],
            "memory_size": 512,
            "package_type": "Zip",
            "publish": false,
            "qualified_arn": "arn:aws:lambda:ap-south-1:590458277224:function:GetProfileStatusHandler:$LATEST",
            "reserved_concurrent_executions": -1,
            "role": "arn:aws:iam::590458277224:role/ProfileServiceLambdaRole",
            "runtime": "nodejs12.x",
            "s3_bucket": "validateprofile-codedezip-bucket",
            "s3_key": "validateprofile_lambda.zip",
            "s3_object_version": null,
            "signing_job_arn": "",
            "signing_profile_version_arn": "",
            "source_code_hash": "79jHSc8ZSKf1k7KFEcXLXFZloui7S178dvo3bYajcVg=",
            "source_code_size": 9661366,
            "tags": {},
            "timeout": 30,
            "timeouts": null,
            "tracing_config": [
              {
                "mode": "PassThrough"
              }
            ],
            "version": "$LATEST",
            "vpc_config": []
          },
          "private": "eyJlMmJmYjczMC1lY2FhLTExZTYtOGY4OC0zNDM2M2JjN2M0YzAiOnsiY3JlYXRlIjo2MDAwMDAwMDAwMDB9fQ==",
          "dependencies": [
            "aws_iam_role.ProfileServiceLambdaRole",
            "aws_lambda_layer_version.tesseractjs_lambda_layer"
          ]
        }
      ]
    },
    {
      "mode": "managed",
      "type": "aws_lambda_layer_version",
      "name": "tesseractjs_lambda_layer",
      "provider": "provider.aws",
      "instances": [
        {
          "schema_version": 0,
          "attributes": {
            "arn": "arn:aws:lambda:ap-south-1:590458277224:layer:tesseract_js_layer:1",
            "compatible_runtimes": [
              "nodejs12.x"
            ],
            "created_date": "2021-06-17T11:15:23.872+0000",
            "description": "",
            "filename": null,
            "id": "arn:aws:lambda:ap-south-1:590458277224:layer:tesseract_js_layer:1",
            "layer_arn": "arn:aws:lambda:ap-south-1:590458277224:layer:tesseract_js_layer",
            "layer_name": "tesseract_js_layer",
            "license_info": "",
            "s3_bucket": "validateprofile-codedezip-bucket",
            "s3_key": "tesseract_js_layer.zip",
            "s3_object_version": null,
            "signing_job_arn": "",
            "signing_profile_version_arn": "",
            "source_code_hash": "NTSclCICEM07zOgqIsgm5tKSV4raWzzY2hkGGV54SQw=",
            "source_code_size": 69091,
            "version": "1"
          },
          "private": "bnVsbA=="
        }
      ]
    },
    {
      "mode": "managed",
      "type": "aws_lambda_permission",
      "name": "apigw-getidandtext",
      "provider": "provider.aws",
      "instances": [
        {
          "schema_version": 0,
          "attributes": {
            "action": "lambda:InvokeFunction",
            "event_source_token": null,
            "function_name": "GetIDAndTextHandler",
            "id": "terraform-20210617112634134500000002",
            "principal": "apigateway.amazonaws.com",
            "qualifier": "",
            "source_account": null,
            "source_arn": "arn:aws:execute-api:ap-south-1:590458277224:ua4136y1ej/*/GET/idandtext",
            "statement_id": "terraform-20210617112634134500000002",
            "statement_id_prefix": null
          },
          "private": "bnVsbA==",
          "dependencies": [
            "aws_api_gateway_rest_api.profile_service_apigw",
            "aws_lambda_function.GetIDAndTextHandler"
          ]
        }
      ]
    },
    {
      "mode": "managed",
      "type": "aws_lambda_permission",
      "name": "apigw-getprofilestatus",
      "provider": "provider.aws",
      "instances": [
        {
          "schema_version": 0,
          "attributes": {
            "action": "lambda:InvokeFunction",
            "event_source_token": null,
            "function_name": "GetProfileStatusHandler",
            "id": "terraform-20210617112634134400000001",
            "principal": "apigateway.amazonaws.com",
            "qualifier": "",
            "source_account": null,
            "source_arn": "arn:aws:execute-api:ap-south-1:590458277224:ua4136y1ej/*/GET/profilestatus/*",
            "statement_id": "terraform-20210617112634134400000001",
            "statement_id_prefix": null
          },
          "private": "bnVsbA==",
          "dependencies": [
            "aws_api_gateway_rest_api.profile_service_apigw",
            "aws_lambda_function.GetProfileStatusHandler"
          ]
        }
      ]
    },
    {
      "mode": "managed",
      "type": "aws_s3_bucket",
      "name": "user-profile-picture-bucket",
      "provider": "provider.aws",
      "instances": [
        {
          "schema_version": 0,
          "attributes": {
            "acceleration_status": "",
            "acl": "private",
            "arn": "arn:aws:s3:::user-profile-picture-bucket",
            "bucket": "user-profile-picture-bucket",
            "bucket_domain_name": "user-profile-picture-bucket.s3.amazonaws.com",
            "bucket_prefix": null,
            "bucket_regional_domain_name": "user-profile-picture-bucket.s3.ap-south-1.amazonaws.com",
            "cors_rule": [],
            "force_destroy": false,
            "grant": [],
            "hosted_zone_id": "Z11RGJOFQNVJUP",
            "id": "user-profile-picture-bucket",
            "lifecycle_rule": [],
            "logging": [],
            "object_lock_configuration": [],
            "policy": null,
            "region": "ap-south-1",
            "replication_configuration": [],
            "request_payer": "BucketOwner",
            "server_side_encryption_configuration": [],
            "tags": {},
            "versioning": [
              {
                "enabled": false,
                "mfa_delete": false
              }
            ],
            "website": [],
            "website_domain": null,
            "website_endpoint": null
          },
          "private": "bnVsbA=="
        }
      ]
    }
  ]
}
